<?xml version="1.0" encoding="utf-8"?>
<Project ToolsVersion="4.0" xmlns="http://schemas.microsoft.com/developer/msbuild/2003">
  <ItemGroup>
    <Filter Include="源文件">
      <UniqueIdentifier>{4FC737F1-C7A5-4376-A066-2A32D752A2FF}</UniqueIdentifier>
      <Extensions>cpp;c;cc;cxx;def;odl;idl;hpj;bat;asm;asmx</Extensions>
    </Filter>
    <Filter Include="头文件">
      <UniqueIdentifier>{93995380-89BD-4b04-88EB-625FBE52EBFB}</UniqueIdentifier>
      <Extensions>h;hh;hpp;hxx;hm;inl;inc;ipp;xsd</Extensions>
    </Filter>
    <Filter Include="资源文件">
      <UniqueIdentifier>{67DA6AB6-F800-4c08-8B7A-83BB121AAD01}</UniqueIdentifier>
      <Extensions>rc;ico;cur;bmp;dlg;rc2;rct;bin;rgs;gif;jpg;jpeg;jpe;resx;tiff;tif;png;wav;mfcribbon-ms</Extensions>
    </Filter>
  </ItemGroup>
  <ItemGroup>
    <ClCompile Include="main.cpp">
      <Filter>源文件</Filter>
    </ClCompile>
    <ClCompile Include="Solution_1.cpp">
      <Filter>源文件</Filter>
    </ClCompile>
    <ClCompile Include="Solution_2.cpp">
      <Filter>源文件</Filter>
    </ClCompile>
    <ClCompile Include="Solution_3.cpp">
      <Filter>源文件</Filter>
    </ClCompile>
    <ClCompile Include="Solution_4.cpp">
      <Filter>源文件</Filter>
    </ClCompile>
    <ClCompile Include="Solution_6.cpp">
      <Filter>源文件</Filter>
    </ClCompile>
    <ClCompile Include="Solution_7.cpp">
      <Filter>源文件</Filter>
    </ClCompile>
    <ClCompile Include="Solution_8.cpp">
      <Filter>源文件</Filter>
    </ClCompile>
    <ClCompile Include="Solution_9.cpp">
      <Filter>源文件</Filter>
    </ClCompile>
    <ClCompile Include="Solution_11.cpp">
      <Filter>源文件</Filter>
    </ClCompile>
    <ClCompile Include="Solution_12.cpp">
      <Filter>源文件</Filter>
    </ClCompile>
    <ClCompile Include="Solution_13.cpp">
      <Filter>源文件</Filter>
    </ClCompile>
    <ClCompile Include="Solution_14.cpp">
      <Filter>源文件</Filter>
    </ClCompile>
    <ClCompile Include="Solution_15.cpp">
      <Filter>源文件</Filter>
    </ClCompile>
    <ClCompile Include="Solution_16.cpp">
      <Filter>源文件</Filter>
    </ClCompile>
    <ClCompile Include="Solution_17.cpp">
      <Filter>源文件</Filter>
    </ClCompile>
    <ClCompile Include="Solution_18.cpp">
      <Filter>源文件</Filter>
    </ClCompile>
    <ClCompile Include="Solution_20.cpp">
      <Filter>源文件</Filter>
    </ClCompile>
    <ClCompile Include="Solution_22.cpp">
      <Filter>源文件</Filter>
    </ClCompile>
    <ClCompile Include="Solution_24.cpp">
      <Filter>源文件</Filter>
    </ClCompile>
    <ClCompile Include="Solution_28.cpp">
      <Filter>源文件</Filter>
    </ClCompile>
    <ClCompile Include="Solution_29.cpp">
      <Filter>源文件</Filter>
    </ClCompile>
    <ClCompile Include="Solution_30.cpp">
      <Filter>源文件</Filter>
    </ClCompile>
    <ClCompile Include="Solution_5.cpp">
      <Filter>源文件</Filter>
    </ClCompile>
    <ClCompile Include="Solution_31.cpp">
      <Filter>源文件</Filter>
    </ClCompile>
    <ClCompile Include="Solution_32.cpp">
      <Filter>源文件</Filter>
    </ClCompile>
    <ClCompile Include="Solution_35.cpp">
      <Filter>源文件</Filter>
    </ClCompile>
    <ClCompile Include="Solution_39.cpp">
      <Filter>源文件</Filter>
    </ClCompile>
    <ClCompile Include="Solution_41.cpp">
      <Filter>源文件</Filter>
    </ClCompile>
    <ClCompile Include="Solution_44.cpp">
      <Filter>源文件</Filter>
    </ClCompile>
    <ClCompile Include="Solution_46.cpp">
      <Filter>源文件</Filter>
    </ClCompile>
    <ClCompile Include="Solution_50.cpp">
      <Filter>源文件</Filter>
    </ClCompile>
    <ClCompile Include="Solution_53.cpp">
      <Filter>源文件</Filter>
    </ClCompile>
    <ClCompile Include="Solution_55.cpp">
      <Filter>源文件</Filter>
    </ClCompile>
    <ClCompile Include="Solution_56.cpp">
      <Filter>源文件</Filter>
    </ClCompile>
    <ClCompile Include="Solution_60.cpp">
      <Filter>源文件</Filter>
    </ClCompile>
    <ClCompile Include="Solution_64.cpp">
      <Filter>源文件</Filter>
    </ClCompile>
    <ClCompile Include="Solution_66.cpp">
      <Filter>源文件</Filter>
    </ClCompile>
    <ClCompile Include="Solution_67.cpp">
      <Filter>源文件</Filter>
    </ClCompile>
    <ClCompile Include="Solution_68.cpp">
      <Filter>源文件</Filter>
    </ClCompile>
    <ClCompile Include="Solution_69.cpp">
      <Filter>源文件</Filter>
    </ClCompile>
    <ClCompile Include="Solution_80.cpp">
      <Filter>源文件</Filter>
    </ClCompile>
    <ClCompile Include="Solution_82.cpp">
      <Filter>源文件</Filter>
    </ClCompile>
    <ClCompile Include="Solution_85.cpp">
      <Filter>源文件</Filter>
    </ClCompile>
    <ClCompile Include="Solution_93.cpp">
      <Filter>源文件</Filter>
    </ClCompile>
    <ClCompile Include="Solution_96.cpp">
      <Filter>源文件</Filter>
    </ClCompile>
    <ClCompile Include="Solution_97.cpp">
      <Filter>源文件</Filter>
    </ClCompile>
    <ClCompile Include="Solution_100.cpp">
      <Filter>源文件</Filter>
    </ClCompile>
    <ClCompile Include="Solution_101.cpp">
      <Filter>源文件</Filter>
    </ClCompile>
    <ClCompile Include="Solution_110.cpp">
      <Filter>源文件</Filter>
    </ClCompile>
    <ClCompile Include="Solution_111.cpp">
      <Filter>源文件</Filter>
    </ClCompile>
    <ClCompile Include="Solution_112.cpp">
      <Filter>源文件</Filter>
    </ClCompile>
    <ClCompile Include="Solution_114.cpp">
      <Filter>源文件</Filter>
    </ClCompile>
    <ClCompile Include="Solution_115.cpp">
      <Filter>源文件</Filter>
    </ClCompile>
    <ClCompile Include="Solution_128.cpp">
      <Filter>源文件</Filter>
    </ClCompile>
    <ClCompile Include="Solution_133.cpp">
      <Filter>源文件</Filter>
    </ClCompile>
    <ClCompile Include="Solution_138.cpp">
      <Filter>源文件</Filter>
    </ClCompile>
    <ClCompile Include="Solution_141.cpp">
      <Filter>源文件</Filter>
    </ClCompile>
    <ClCompile Include="Solution_142.cpp">
      <Filter>源文件</Filter>
    </ClCompile>
    <ClCompile Include="Solution_155.cpp">
      <Filter>源文件</Filter>
    </ClCompile>
    <ClCompile Include="Solution_156.cpp">
      <Filter>源文件</Filter>
    </ClCompile>
    <ClCompile Include="Solution_157.cpp">
      <Filter>源文件</Filter>
    </ClCompile>
    <ClCompile Include="Solution_158.cpp">
      <Filter>源文件</Filter>
    </ClCompile>
    <ClCompile Include="Solution_165.cpp">
      <Filter>源文件</Filter>
    </ClCompile>
    <ClCompile Include="Solution_166.cpp">
      <Filter>源文件</Filter>
    </ClCompile>
    <ClCompile Include="Solution_167.cpp">
      <Filter>源文件</Filter>
    </ClCompile>
    <ClCompile Include="Solution_172.cpp">
      <Filter>源文件</Filter>
    </ClCompile>
    <ClCompile Include="Solution_173.cpp">
      <Filter>源文件</Filter>
    </ClCompile>
    <ClCompile Include="Solution_174.cpp">
      <Filter>源文件</Filter>
    </ClCompile>
    <ClCompile Include="Solution_175.cpp">
      <Filter>源文件</Filter>
    </ClCompile>
    <ClCompile Include="Solution_177.cpp">
      <Filter>源文件</Filter>
    </ClCompile>
    <ClCompile Include="Solution_181.cpp">
      <Filter>源文件</Filter>
    </ClCompile>
    <ClCompile Include="Solution_185.cpp">
      <Filter>源文件</Filter>
    </ClCompile>
    <ClCompile Include="Solution_204.cpp">
      <Filter>源文件</Filter>
    </ClCompile>
    <ClCompile Include="Solution_209.cpp">
      <Filter>源文件</Filter>
    </ClCompile>
    <ClCompile Include="Solution_211.cpp">
      <Filter>源文件</Filter>
    </ClCompile>
    <ClCompile Include="Solution_212.cpp">
      <Filter>源文件</Filter>
    </ClCompile>
    <ClCompile Include="Solution_213.cpp">
      <Filter>源文件</Filter>
    </ClCompile>
    <ClCompile Include="Solution_227.cpp">
      <Filter>源文件</Filter>
    </ClCompile>
    <ClCompile Include="Solution_365.cpp">
      <Filter>源文件</Filter>
    </ClCompile>
    <ClCompile Include="Solution_372.cpp">
      <Filter>源文件</Filter>
    </ClCompile>
    <ClCompile Include="Solution_373.cpp">
      <Filter>源文件</Filter>
    </ClCompile>
    <ClCompile Include="Solution_375.cpp">
      <Filter>源文件</Filter>
    </ClCompile>
    <ClCompile Include="Solution_376.cpp">
      <Filter>源文件</Filter>
    </ClCompile>
    <ClCompile Include="Solution_389.cpp">
      <Filter>源文件</Filter>
    </ClCompile>
    <ClCompile Include="Solution_397.cpp">
      <Filter>源文件</Filter>
    </ClCompile>
    <ClCompile Include="Solution_407.cpp">
      <Filter>源文件</Filter>
    </ClCompile>
    <ClCompile Include="Solution_408.cpp">
      <Filter>源文件</Filter>
    </ClCompile>
    <ClCompile Include="Solution_413.cpp">
      <Filter>源文件</Filter>
    </ClCompile>
    <ClCompile Include="Solution_420.cpp">
      <Filter>源文件</Filter>
    </ClCompile>
    <ClCompile Include="Solution_422.cpp">
      <Filter>源文件</Filter>
    </ClCompile>
    <ClCompile Include="Solution_423.cpp">
      <Filter>源文件</Filter>
    </ClCompile>
    <ClCompile Include="Solution_433.cpp">
      <Filter>源文件</Filter>
    </ClCompile>
    <ClCompile Include="Solution_445.cpp">
      <Filter>源文件</Filter>
    </ClCompile>
    <ClCompile Include="Solution_451.cpp">
      <Filter>源文件</Filter>
    </ClCompile>
    <ClCompile Include="Solution_452.cpp">
      <Filter>源文件</Filter>
    </ClCompile>
    <ClCompile Include="Solution_453.cpp">
      <Filter>源文件</Filter>
    </ClCompile>
    <ClCompile Include="Solution_457.cpp">
      <Filter>源文件</Filter>
    </ClCompile>
    <ClCompile Include="Solution_464.cpp">
      <Filter>源文件</Filter>
    </ClCompile>
    <ClCompile Include="Solution_469.cpp">
      <Filter>源文件</Filter>
    </ClCompile>
    <ClCompile Include="Solution_474.cpp">
      <Filter>源文件</Filter>
    </ClCompile>
    <ClCompile Include="Solution_479.cpp">
      <Filter>源文件</Filter>
    </ClCompile>
    <ClCompile Include="Solution_480.cpp">
      <Filter>源文件</Filter>
    </ClCompile>
    <ClCompile Include="Solution_488.cpp">
      <Filter>源文件</Filter>
    </ClCompile>
    <ClCompile Include="Solution_491.cpp">
      <Filter>源文件</Filter>
    </ClCompile>
    <ClCompile Include="Solution_495.cpp">
      <Filter>源文件</Filter>
    </ClCompile>
    <ClCompile Include="Solution_496.cpp">
      <Filter>源文件</Filter>
    </ClCompile>
    <ClCompile Include="Solution_37.cpp">
      <Filter>源文件</Filter>
    </ClCompile>
    <ClCompile Include="Solution_145.cpp">
      <Filter>源文件</Filter>
    </ClCompile>
    <ClCompile Include="Solution_366.cpp">
      <Filter>源文件</Filter>
    </ClCompile>
  </ItemGroup>
  <ItemGroup>
    <None Include="README.md" />
  </ItemGroup>
  <ItemGroup>
    <ClInclude Include="Solution_1.h">
      <Filter>头文件</Filter>
    </ClInclude>
    <ClInclude Include="Solution_2.h">
      <Filter>头文件</Filter>
    </ClInclude>
    <ClInclude Include="Solution_3.h">
      <Filter>头文件</Filter>
    </ClInclude>
    <ClInclude Include="Solution_4.h">
      <Filter>头文件</Filter>
    </ClInclude>
    <ClInclude Include="Solution_5.h">
      <Filter>头文件</Filter>
    </ClInclude>
    <ClInclude Include="Solution_6.h">
      <Filter>头文件</Filter>
    </ClInclude>
    <ClInclude Include="Solution_7.h">
      <Filter>头文件</Filter>
    </ClInclude>
    <ClInclude Include="Solution_8.h">
      <Filter>头文件</Filter>
    </ClInclude>
    <ClInclude Include="Solution_9.h">
      <Filter>头文件</Filter>
    </ClInclude>
    <ClInclude Include="Solution_11.h">
      <Filter>头文件</Filter>
    </ClInclude>
    <ClInclude Include="Solution_12.h">
      <Filter>头文件</Filter>
    </ClInclude>
    <ClInclude Include="Solution_13.h">
      <Filter>头文件</Filter>
    </ClInclude>
    <ClInclude Include="Solution_14.h">
      <Filter>头文件</Filter>
    </ClInclude>
    <ClInclude Include="Solution_15.h">
      <Filter>头文件</Filter>
    </ClInclude>
    <ClInclude Include="Solution_16.h">
      <Filter>头文件</Filter>
    </ClInclude>
    <ClInclude Include="Solution_17.h">
      <Filter>头文件</Filter>
    </ClInclude>
    <ClInclude Include="Solution_18.h">
      <Filter>头文件</Filter>
    </ClInclude>
    <ClInclude Include="Solution_20.h">
      <Filter>头文件</Filter>
    </ClInclude>
    <ClInclude Include="Solution_22.h">
      <Filter>头文件</Filter>
    </ClInclude>
    <ClInclude Include="Solution_24.h">
      <Filter>头文件</Filter>
    </ClInclude>
    <ClInclude Include="Solution_28.h">
      <Filter>头文件</Filter>
    </ClInclude>
    <ClInclude Include="Solution_29.h">
      <Filter>头文件</Filter>
    </ClInclude>
    <ClInclude Include="Solution_30.h">
      <Filter>头文件</Filter>
    </ClInclude>
    <ClInclude Include="Solution_31.h">
      <Filter>头文件</Filter>
    </ClInclude>
    <ClInclude Include="Solution_32.h">
      <Filter>头文件</Filter>
    </ClInclude>
    <ClInclude Include="Solution_35.h">
      <Filter>头文件</Filter>
    </ClInclude>
    <ClInclude Include="Solution_39.h">
      <Filter>头文件</Filter>
    </ClInclude>
    <ClInclude Include="Solution_41.h">
      <Filter>头文件</Filter>
    </ClInclude>
    <ClInclude Include="Solution_44.h">
      <Filter>头文件</Filter>
    </ClInclude>
    <ClInclude Include="Solution_46.h">
      <Filter>头文件</Filter>
    </ClInclude>
    <ClInclude Include="Solution_50.h">
      <Filter>头文件</Filter>
    </ClInclude>
    <ClInclude Include="Solution_53.h">
      <Filter>头文件</Filter>
    </ClInclude>
    <ClInclude Include="Solution_55.h">
      <Filter>头文件</Filter>
    </ClInclude>
    <ClInclude Include="Solution_56.h">
      <Filter>头文件</Filter>
    </ClInclude>
    <ClInclude Include="Solution_60.h">
      <Filter>头文件</Filter>
    </ClInclude>
    <ClInclude Include="Solution_64.h">
      <Filter>头文件</Filter>
    </ClInclude>
    <ClInclude Include="Solution_66.h">
      <Filter>头文件</Filter>
    </ClInclude>
    <ClInclude Include="Solution_67.h">
      <Filter>头文件</Filter>
    </ClInclude>
    <ClInclude Include="Solution_68.h">
      <Filter>头文件</Filter>
    </ClInclude>
    <ClInclude Include="Solution_69.h">
      <Filter>头文件</Filter>
    </ClInclude>
    <ClInclude Include="Solution_80.h">
      <Filter>头文件</Filter>
    </ClInclude>
    <ClInclude Include="Solution_82.h">
      <Filter>头文件</Filter>
    </ClInclude>
    <ClInclude Include="Solution_85.h">
      <Filter>头文件</Filter>
    </ClInclude>
    <ClInclude Include="Solution_93.h">
      <Filter>头文件</Filter>
    </ClInclude>
    <ClInclude Include="Solution_96.h">
      <Filter>头文件</Filter>
    </ClInclude>
    <ClInclude Include="Solution_97.h">
      <Filter>头文件</Filter>
    </ClInclude>
    <ClInclude Include="Solution_100.h">
      <Filter>头文件</Filter>
    </ClInclude>
    <ClInclude Include="Solution_101.h">
      <Filter>头文件</Filter>
    </ClInclude>
    <ClInclude Include="Solution_110.h">
      <Filter>头文件</Filter>
    </ClInclude>
    <ClInclude Include="Solution_111.h">
      <Filter>头文件</Filter>
    </ClInclude>
    <ClInclude Include="Solution_112.h">
      <Filter>头文件</Filter>
    </ClInclude>
    <ClInclude Include="Solution_114.h">
      <Filter>头文件</Filter>
    </ClInclude>
    <ClInclude Include="Solution_115.h">
      <Filter>头文件</Filter>
    </ClInclude>
    <ClInclude Include="Solution_128.h">
      <Filter>头文件</Filter>
    </ClInclude>
    <ClInclude Include="Solution_133.h">
      <Filter>头文件</Filter>
    </ClInclude>
    <ClInclude Include="Solution_138.h">
      <Filter>头文件</Filter>
    </ClInclude>
    <ClInclude Include="Solution_141.h">
      <Filter>头文件</Filter>
    </ClInclude>
    <ClInclude Include="Solution_142.h">
      <Filter>头文件</Filter>
    </ClInclude>
    <ClInclude Include="Solution_155.h">
      <Filter>头文件</Filter>
    </ClInclude>
    <ClInclude Include="Solution_156.h">
      <Filter>头文件</Filter>
    </ClInclude>
    <ClInclude Include="Solution_157.h">
      <Filter>头文件</Filter>
    </ClInclude>
    <ClInclude Include="Solution_158.h">
      <Filter>头文件</Filter>
    </ClInclude>
    <ClInclude Include="Solution_165.h">
      <Filter>头文件</Filter>
    </ClInclude>
    <ClInclude Include="Solution_166.h">
      <Filter>头文件</Filter>
    </ClInclude>
    <ClInclude Include="Solution_167.h">
      <Filter>头文件</Filter>
    </ClInclude>
    <ClInclude Include="Solution_172.h">
      <Filter>头文件</Filter>
    </ClInclude>
    <ClInclude Include="Solution_173.h">
      <Filter>头文件</Filter>
    </ClInclude>
    <ClInclude Include="Solution_174.h">
      <Filter>头文件</Filter>
    </ClInclude>
    <ClInclude Include="Solution_175.h">
      <Filter>头文件</Filter>
    </ClInclude>
    <ClInclude Include="Solution_177.h">
      <Filter>头文件</Filter>
    </ClInclude>
    <ClInclude Include="Solution_181.h">
      <Filter>头文件</Filter>
    </ClInclude>
    <ClInclude Include="Solution_185.h">
      <Filter>头文件</Filter>
    </ClInclude>
    <ClInclude Include="Solution_204.h">
      <Filter>头文件</Filter>
    </ClInclude>
    <ClInclude Include="Solution_209.h">
      <Filter>头文件</Filter>
    </ClInclude>
    <ClInclude Include="Solution_211.h">
      <Filter>头文件</Filter>
    </ClInclude>
    <ClInclude Include="Solution_212.h">
      <Filter>头文件</Filter>
    </ClInclude>
    <ClInclude Include="Solution_213.h">
      <Filter>头文件</Filter>
    </ClInclude>
    <ClInclude Include="Solution_227.h">
      <Filter>头文件</Filter>
    </ClInclude>
    <ClInclude Include="Solution_365.h">
      <Filter>头文件</Filter>
    </ClInclude>
    <ClInclude Include="Solution_372.h">
      <Filter>头文件</Filter>
    </ClInclude>
    <ClInclude Include="Solution_373.h">
      <Filter>头文件</Filter>
    </ClInclude>
    <ClInclude Include="Solution_375.h">
      <Filter>头文件</Filter>
    </ClInclude>
    <ClInclude Include="Solution_376.h">
      <Filter>头文件</Filter>
    </ClInclude>
    <ClInclude Include="Solution_389.h">
      <Filter>头文件</Filter>
    </ClInclude>
    <ClInclude Include="Solution_397.h">
      <Filter>头文件</Filter>
    </ClInclude>
    <ClInclude Include="Solution_407.h">
      <Filter>头文件</Filter>
    </ClInclude>
    <ClInclude Include="Solution_408.h">
      <Filter>头文件</Filter>
    </ClInclude>
    <ClInclude Include="Solution_413.h">
      <Filter>头文件</Filter>
    </ClInclude>
    <ClInclude Include="Solution_420.h">
      <Filter>头文件</Filter>
    </ClInclude>
    <ClInclude Include="Solution_422.h">
      <Filter>头文件</Filter>
    </ClInclude>
    <ClInclude Include="Solution_423.h">
      <Filter>头文件</Filter>
    </ClInclude>
    <ClInclude Include="Solution_433.h">
      <Filter>头文件</Filter>
    </ClInclude>
    <ClInclude Include="Solution_445.h">
      <Filter>头文件</Filter>
    </ClInclude>
    <ClInclude Include="Solution_451.h">
      <Filter>头文件</Filter>
    </ClInclude>
    <ClInclude Include="Solution_452.h">
      <Filter>头文件</Filter>
    </ClInclude>
    <ClInclude Include="Solution_453.h">
      <Filter>头文件</Filter>
    </ClInclude>
    <ClInclude Include="Solution_457.h">
      <Filter>头文件</Filter>
    </ClInclude>
    <ClInclude Include="Solution_464.h">
      <Filter>头文件</Filter>
    </ClInclude>
    <ClInclude Include="Solution_469.h">
      <Filter>头文件</Filter>
    </ClInclude>
    <ClInclude Include="Solution_474.h">
      <Filter>头文件</Filter>
    </ClInclude>
    <ClInclude Include="Solution_479.h">
      <Filter>头文件</Filter>
    </ClInclude>
    <ClInclude Include="Solution_480.h">
      <Filter>头文件</Filter>
    </ClInclude>
    <ClInclude Include="Solution_488.h">
      <Filter>头文件</Filter>
    </ClInclude>
    <ClInclude Include="Solution_491.h">
      <Filter>头文件</Filter>
    </ClInclude>
    <ClInclude Include="Solution_495.h">
      <Filter>头文件</Filter>
    </ClInclude>
    <ClInclude Include="Solution_496.h">
      <Filter>头文件</Filter>
    </ClInclude>
    <ClInclude Include="Solution_37.h">
      <Filter>头文件</Filter>
    </ClInclude>
    <ClInclude Include="Solution_145.h">
      <Filter>头文件</Filter>
    </ClInclude>
    <ClInclude Include="Solution_366.h">
      <Filter>头文件</Filter>
    </ClInclude>
  </ItemGroup>
  <ItemGroup>
    <Text Include="Solution_30.txt">
      <Filter>资源文件</Filter>
    </Text>
    <Text Include="Solution_35.txt">
      <Filter>资源文件</Filter>
    </Text>
    <Text Include="Solution_39.txt">
      <Filter>资源文件</Filter>
    </Text>
    <Text Include="Solution_41.txt">
      <Filter>资源文件</Filter>
    </Text>
    <Text Include="Solution_156.txt">
      <Filter>资源文件</Filter>
    </Text>
    <Text Include="Soluion_166.txt">
      <Filter>资源文件</Filter>
    </Text>
    <Text Include="Solution_44.txt">
      <Filter>资源文件</Filter>
    </Text>
    <Text Include="Solution_46.txt">
      <Filter>资源文件</Filter>
    </Text>
    <Text Include="Solution_50.txt">
      <Filter>资源文件</Filter>
    </Text>
    <Text Include="Solution_53.txt">
      <Filter>资源文件</Filter>
    </Text>
    <Text Include="Solution_56.txt">
      <Filter>资源文件</Filter>
    </Text>
    <Text Include="Solution_60.txt">
      <Filter>资源文件</Filter>
    </Text>
    <Text Include="Solution_64.txt">
      <Filter>资源文件</Filter>
    </Text>
    <Text Include="Solution_66.txt">
      <Filter>资源文件</Filter>
    </Text>
    <Text Include="Solution_67.txt">
      <Filter>资源文件</Filter>
    </Text>
    <Text Include="Solution_68.txt">
      <Filter>资源文件</Filter>
    </Text>
    <Text Include="Solution_69.txt">
      <Filter>资源文件</Filter>
    </Text>
    <Text Include="Solution_85.txt">
      <Filter>资源文件</Filter>
    </Text>
    <Text Include="Solution_93.txt">
      <Filter>资源文件</Filter>
    </Text>
    <Text Include="Solution_96.txt">
      <Filter>资源文件</Filter>
    </Text>
    <Text Include="Solution_100.txt">
      <Filter>资源文件</Filter>
    </Text>
    <Text Include="Solution_101.txt">
      <Filter>资源文件</Filter>
    </Text>
    <Text Include="Solution_110.txt">
      <Filter>资源文件</Filter>
    </Text>
    <Text Include="Solution_112.txt">
      <Filter>资源文件</Filter>
    </Text>
    <Text Include="Solution_115.txt">
      <Filter>资源文件</Filter>
    </Text>
    <Text Include="Solution_128.txt">
      <Filter>资源文件</Filter>
    </Text>
    <Text Include="Solution_133.txt">
      <Filter>资源文件</Filter>
    </Text>
    <Text Include="Solution_138.txt">
      <Filter>资源文件</Filter>
    </Text>
    <Text Include="Solution_155.txt">
      <Filter>资源文件</Filter>
    </Text>
    <Text Include="Solution_165.txt">
      <Filter>资源文件</Filter>
    </Text>
    <Text Include="Solution_167.txt">
      <Filter>资源文件</Filter>
    </Text>
    <Text Include="Solution_173.txt">
      <Filter>资源文件</Filter>
    </Text>
    <Text Include="Solution_174.txt">
      <Filter>资源文件</Filter>
    </Text>
    <Text Include="Solution_172.txt">
      <Filter>资源文件</Filter>
    </Text>
    <Text Include="Solution_175.txt">
      <Filter>资源文件</Filter>
    </Text>
    <Text Include="Solution_407.txt">
      <Filter>资源文件</Filter>
    </Text>
    <Text Include="Solution_177.txt">
      <Filter>资源文件</Filter>
    </Text>
    <Text Include="Solution_185.txt">
      <Filter>资源文件</Filter>
    </Text>
    <Text Include="Solution_212.txt">
      <Filter>资源文件</Filter>
    </Text>
    <Text Include="Solution_213.txt">
      <Filter>资源文件</Filter>
    </Text>
    <Text Include="Solution_373.txt">
      <Filter>资源文件</Filter>
    </Text>
    <Text Include="Solution_376.txt">
      <Filter>资源文件</Filter>
    </Text>
    <Text Include="Solution_389.txt">
      <Filter>资源文件</Filter>
    </Text>
    <Text Include="Solution_397.txt">
      <Filter>资源文件</Filter>
    </Text>
    <Text Include="Solution_408.txt" />
    <Text Include="Solution_423.txt" />
    <Text Include="Solution_433.txt" />
    <Text Include="Solution_451.txt" />
    <Text Include="Solution_452.txt" />
    <Text Include="Solution_453.txt" />
    <Text Include="Solution_464.txt" />
    <Text Include="Solution_469.txt" />
    <Text Include="Solution_474.txt" />
    <Text Include="Solution_479.txt" />
    <Text Include="Solution_480.txt" />
  </ItemGroup>
</Project>